
Microsoft Visual Studio Solution File, Format Version 12.00
# Visual Studio Version 16
VisualStudioVersion = 16.0.30011.22
MinimumVisualStudioVersion = 10.0.40219.1
Project("{FAE04EC0-301F-11D3-BF4B-00C04F79EFBC}") = "TimerForApps", "TimerForApps\TimerForApps.csproj", "{3B24F249-EAA4-4BC9-B852-C640E3ADC10A}"
EndProject
Global
	GlobalSection(SolutionConfigurationPlatforms) = preSolution
		Debug|Any CPU = Debug|Any CPU
		Release|Any CPU = Release|Any CPU
	EndGlobalSection
	GlobalSection(ProjectConfigurationPlatforms) = postSolution
		{3B24F249-EAA4-4BC9-B852-C640E3ADC10A}.Debug|Any CPU.ActiveCfg = Debug|Any CPU
		{3B24F249-EAA4-4BC9-B852-C640E3ADC10A}.Debug|Any CPU.Build.0 = Debug|Any CPU
		{3B24F249-EAA4-4BC9-B852-C640E3ADC10A}.Release|Any CPU.ActiveCfg = Release|Any CPU
		{3B24F249-EAA4-4BC9-B852-C640E3ADC10A}.Release|Any CPU.Build.0 = Release|Any CPU
	EndGlobalSection
	GlobalSection(SolutionProperties) = preSolution
		HideSolutionNode = FALSE
	EndGlobalSection
	GlobalSection(ExtensibilityGlobals) = postSolution
		SolutionGuid = {F92316A3-F53E-43AB-A3B5-302C048AA479}
	EndGlobalSection
EndGlobal
